// !$*UTF8*$!
{
	archiveVersion = 1;
	classes = {
	};
	objectVersion = 50;
	objects = {

/* Begin PBXBuildFile section */
		0E71324421DF5651003CFA3D /* AppDelegate.swift in Sources */ = {isa = PBXBuildFile; fileRef = 0E71324321DF5651003CFA3D /* AppDelegate.swift */; };
		0E71324621DF5651003CFA3D /* ViewController.swift in Sources */ = {isa = PBXBuildFile; fileRef = 0E71324521DF5651003CFA3D /* ViewController.swift */; };
		0E71324921DF5651003CFA3D /* Main.storyboard in Resources */ = {isa = PBXBuildFile; fileRef = 0E71324721DF5651003CFA3D /* Main.storyboard */; };
		0E71324B21DF5652003CFA3D /* Assets.xcassets in Resources */ = {isa = PBXBuildFile; fileRef = 0E71324A21DF5652003CFA3D /* Assets.xcassets */; };
		0E71324E21DF5652003CFA3D /* LaunchScreen.storyboard in Resources */ = {isa = PBXBuildFile; fileRef = 0E71324C21DF5652003CFA3D /* LaunchScreen.storyboard */; };
		0E71325621DF5943003CFA3D /* page2VC.swift in Sources */ = {isa = PBXBuildFile; fileRef = 0E71325521DF5943003CFA3D /* page2VC.swift */; };
/* End PBXBuildFile section */

/* Begin PBXFileReference section */
		0E71324021DF5651003CFA3D /* UserDefaults_Save_Data.app */ = {isa = PBXFileReference; explicitFileType = wrapper.application; includeInIndex = 0; path = UserDefaults_Save_Data.app; sourceTree = BUILT_PRODUCTS_DIR; };
		0E71324321DF5651003CFA3D /* AppDelegate.swift */ = {isa = PBXFileReference; lastKnownFileType = sourcecode.swift; path = AppDelegate.swift; sourceTree = "<group>"; };
		0E71324521DF5651003CFA3D /* ViewController.swift */ = {isa = PBXFileReference; lastKnownFileType = sourcecode.swift; path = ViewController.swift; sourceTree = "<group>"; };
		0E71324821DF5651003CFA3D /* Base */ = {isa = PBXFileReference; lastKnownFileType = file.storyboard; name = Base; path = Base.lproj/Main.storyboard; sourceTree = "<group>"; };
		0E71324A21DF5652003CFA3D /* Assets.xcassets */ = {isa = PBXFileReference; lastKnownFileType = folder.assetcatalog; path = Assets.xcassets; sourceTree = "<group>"; };
		0E71324D21DF5652003CFA3D /* Base */ = {isa = PBXFileReference; lastKnownFileType = file.storyboard; name = Base; path = Base.lproj/LaunchScreen.storyboard; sourceTree = "<group>"; };
		0E71324F21DF5652003CFA3D /* Info.plist */ = {isa = PBXFileReference; lastKnownFileType = text.plist.xml; path = Info.plist; sourceTree = "<group>"; };
		0E71325521DF5943003CFA3D /* page2VC.swift */ = {isa = PBXFileReference; lastKnownFileType = sourcecode.swift; path = page2VC.swift; sourceTree = "<group>"; };
/* End PBXFileReference section */

/* Begin PBXFrameworksBuildPhase section */
		0E71323D21DF5651003CFA3D /* Frameworks */ = {
			isa = PBXFrameworksBuildPhase;
			buildActionMask = 2147483647;
			files = (
			);
			runOnlyForDeploymentPostprocessing = 0;
		};
/* End PBXFrameworksBuildPhase section */

/* Begin PBXGroup section */
		0E71323721DF5651003CFA3D = {
			isa = PBXGroup;
			children = (
				0E71324221DF5651003CFA3D /* UserDefaults_Save_Data */,
				0E71324121DF5651003CFA3D /* Products */,
			);
			sourceTree = "<group>";
		};
		0E71324121DF5651003CFA3D /* Products */ = {
			isa = PBXGroup;
			children = (
				0E71324021DF5651003CFA3D /* UserDefaults_Save_Data.app */,
			);
			name = Products;
			sourceTree = "<group>";
		};
		0E71324221DF5651003CFA3D /* UserDefaults_Save_Data */ = {
			isa = PBXGroup;
			children = (
				0E71324321DF5651003CFA3D /* AppDelegate.swift */,
				0E71324521DF5651003CFA3D /* ViewController.swift */,
				0E71324721DF5651003CFA3D /* Main.storyboard */,
				0E71324A21DF5652003CFA3D /* Assets.xcassets */,
				0E71324C21DF5652003CFA3D /* LaunchScreen.storyboard */,
				0E71324F21DF5652003CFA3D /* Info.plist */,
				0E71325521DF5943003CFA3D /* page2VC.swift */,
			);
			path = UserDefaults_Save_Data;
			sourceTree = "<group>";
		};
/* End PBXGroup section */

/* Begin PBXNativeTarget section */
		0E71323F21DF5651003CFA3D /* UserDefaults_Save_Data */ = {
			isa = PBXNativeTarget;
			buildConfigurationList = 0E71325221DF5652003CFA3D /* Build configuration list for PBXNativeTarget "UserDefaults_Save_Data" */;
			buildPhases = (
				0E71323C21DF5651003CFA3D /* Sources */,
				0E71323D21DF5651003CFA3D /* Frameworks */,
				0E71323E21DF5651003CFA3D /* Resources */,
			);
			buildRules = (
			);
			dependencies = (
			);
			name = UserDefaults_Save_Data;
			productName = UserDefaults_Save_Data;
			productReference = 0E71324021DF5651003CFA3D /* UserDefaults_Save_Data.app */;
			productType = "com.apple.product-type.application";
		};
/* End PBXNativeTarget section */

/* Begin PBXProject section */
		0E71323821DF5651003CFA3D /* Project object */ = {
			isa = PBXProject;
			attributes = {
				LastSwiftUpdateCheck = 1010;
				LastUpgradeCheck = 1010;
				ORGANIZATIONNAME = "이동영";
				TargetAttributes = {
					0E71323F21DF5651003CFA3D = {
						CreatedOnToolsVersion = 10.1;
					};
				};
			};
			buildConfigurationList = 0E71323B21DF5651003CFA3D /* Build configuration list for PBXProject "UserDefaults_Save_Data" */;
			compatibilityVersion = "Xcode 9.3";
			developmentRegion = en;
			hasScannedForEncodings = 0;
			knownRegions = (
				en,
				Base,
			);
			mainGroup = 0E71323721DF5651003CFA3D;
			productRefGroup = 0E71324121DF5651003CFA3D /* Products */;
			projectDirPath = "";
			projectRoot = "";
			targets = (
				0E71323F21DF5651003CFA3D /* UserDefaults_Save_Data */,
			);
		};
/* End PBXProject section */

/* Begin PBXResourcesBuildPhase section */
		0E71323E21DF5651003CFA3D /* Resources */ = {
			isa = PBXResourcesBuildPhase;
			buildActionMask = 2147483647;
			files = (
				0E71324E21DF5652003CFA3D /* LaunchScreen.storyboard in Resources */,
				0E71324B21DF5652003CFA3D /* Assets.xcassets in Resources */,
				0E71324921DF5651003CFA3D /* Main.storyboard in Resources */,
			);
			runOnlyForDeploymentPostprocessing = 0;
		};
/* End PBXResourcesBuildPhase section */

/* Begin PBXSourcesBuildPhase section */
		0E71323C21DF5651003CFA3D /* Sources */ = {
			isa = PBXSourcesBuildPhase;
			buildActionMask = 2147483647;
			files = (
				0E71325621DF5943003CFA3D /* page2VC.swift in Sources */,
				0E71324621DF5651003CFA3D /* ViewController.swift in Sources */,
				0E71324421DF5651003CFA3D /* AppDelegate.swift in Sources */,
			);
			runOnlyForDeploymentPostprocessing = 0;
		};
/* End PBXSourcesBuildPhase section */

/* Begin PBXVariantGroup section */
		0E71324721DF5651003CFA3D /* Main.storyboard */ = {
			isa = PBXVariantGroup;
			children = (
				0E71324821DF5651003CFA3D /* Base */,
			);
			name = Main.storyboard;
			sourceTree = "<group>";
		};
		0E71324C21DF5652003CFA3D /* LaunchScreen.storyboard */ = {
			isa = PBXVariantGroup;
			children = (
				0E71324D21DF5652003CFA3D /* Base */,
			);
			name = LaunchScreen.storyboard;
			sourceTree = "<group>";
		};
/* End PBXVariantGroup section */

/* Begin XCBuildConfiguration section */
		0E71325021DF5652003CFA3D /* Debug */ = {
			isa = XCBuildConfiguration;
			buildSettings = {
				ALWAYS_SEARCH_USER_PATHS = NO;
				CLANG_ANALYZER_NONNULL = YES;
				CLANG_ANALYZER_NUMBER_OBJECT_CONVERSION = YES_AGGRESSIVE;
				CLANG_CXX_LANGUAGE_STANDARD = "gnu++14";
				CLANG_CXX_LIBRARY = "libc++";
				CLANG_ENABLE_MODULES = YES;
				CLANG_ENABLE_OBJC_ARC = YES;
				CLANG_ENABLE_OBJC_WEAK = YES;
				CLANG_WARN_BLOCK_CAPTURE_AUTORELEASING = YES;
				CLANG_WARN_BOOL_CONVERSION = YES;
				CLANG_WARN_COMMA = YES;
				CLANG_WARN_CONSTANT_CONVERSION = YES;
				CLANG_WARN_DEPRECATED_OBJC_IMPLEMENTATIONS = YES;
				CLANG_WARN_DIRECT_OBJC_ISA_USAGE = YES_ERROR;
				CLANG_WARN_DOCUMENTATION_COMMENTS = YES;
				CLANG_WARN_EMPTY_BODY = YES;
				CLANG_WARN_ENUM_CONVERSION = YES;
				CLANG_WARN_INFINITE_RECURSION = YES;
				CLANG_WARN_INT_CONVERSION = YES;
				CLANG_WARN_NON_LITERAL_NULL_CONVERSION = YES;
				CLANG_WARN_OBJC_IMPLICIT_RETAIN_SELF = YES;
				CLANG_WARN_OBJC_LITERAL_CONVERSION = YES;
				CLANG_WARN_OBJC_ROOT_CLASS = YES_ERROR;
				CLANG_WARN_RANGE_LOOP_ANALYSIS = YES;
				CLANG_WARN_STRICT_PROTOTYPES = YES;
				CLANG_WARN_SUSPICIOUS_MOVE = YES;
				CLANG_WARN_UNGUARDED_AVAILABILITY = YES_AGGRESSIVE;
				CLANG_WARN_UNREACHABLE_CODE = YES;
				CLANG_WARN__DUPLICATE_METHOD_MATCH = YES;
				CODE_SIGN_IDENTITY = "iPhone Developer";
				COPY_PHASE_STRIP = NO;
				DEBUG_INFORMATION_FORMAT = dwarf;
				ENABLE_STRICT_OBJC_MSGSEND = YES;
				ENABLE_TESTABILITY = YES;
				GCC_C_LANGUAGE_STANDARD = gnu11;
				GCC_DYNAMIC_NO_PIC = NO;
				GCC_NO_COMMON_BLOCKS = YES;
				GCC_OPTIMIZATION_LEVEL = 0;
				GCC_PREPROCESSOR_DEFINITIONS = (
					"DEBUG=1",
					"$(inherited)",
				);
				GCC_WARN_64_TO_32_BIT_CONVERSION = YES;
				GCC_WARN_ABOUT_RETURN_TYPE = YES_ERROR;
				GCC_WARN_UNDECLARED_SELECTOR = YES;
				GCC_WARN_UNINITIALIZED_AUTOS = YES_AGGRESSIVE;
				GCC_WARN_UNUSED_FUNCTION = YES;
				GCC_WARN_UNUSED_VARIABLE = YES;
				IPHONEOS_DEPLOYMENT_TARGET = 12.1;
				MTL_ENABLE_DEBUG_INFO = INCLUDE_SOURCE;
				MTL_FAST_MATH = YES;
				ONLY_ACTIVE_ARCH = YES;
				SDKROOT = iphoneos;
				SWIFT_ACTIVE_COMPILATION_CONDITIONS = DEBUG;
				SWIFT_OPTIMIZATION_LEVEL = "-Onone";
			};
			name = Debug;
		};
		0E71325121DF5652003CFA3D /* Release */ = {
			isa = XCBuildConfiguration;
			buildSettings = {
				ALWAYS_SEARCH_USER_PATHS = NO;
				CLANG_ANALYZER_NONNULL = YES;
				CLANG_ANALYZER_NUMBER_OBJECT_CONVERSION = YES_AGGRESSIVE;
				CLANG_CXX_LANGUAGE_STANDARD = "gnu++14";
				CLANG_CXX_LIBRARY = "libc++";
				CLANG_ENABLE_MODULES = YES;
				CLANG_ENABLE_OBJC_ARC = YES;
				CLANG_ENABLE_OBJC_WEAK = YES;
				CLANG_WARN_BLOCK_CAPTURE_AUTORELEASING = YES;
				CLANG_WARN_BOOL_CONVERSION = YES;
				CLANG_WARN_COMMA = YES;
				CLANG_WARN_CONSTANT_CONVERSION = YES;
				CLANG_WARN_DEPRECATED_OBJC_IMPLEMENTATIONS = YES;
				CLANG_WARN_DIRECT_OBJC_ISA_USAGE = YES_ERROR;
				CLANG_WARN_DOCUMENTATION_COMMENTS = YES;
				CLANG_WARN_EMPTY_BODY = YES;
				CLANG_WARN_ENUM_CONVERSION = YES;
				CLANG_WARN_INFINITE_RECURSION = YES;
				CLANG_WARN_INT_CONVERSION = YES;
				CLANG_WARN_NON_LITERAL_NULL_CONVERSION = YES;
				CLANG_WARN_OBJC_IMPLICIT_RETAIN_SELF = YES;
				CLANG_WARN_OBJC_LITERAL_CONVERSION = YES;
				CLANG_WARN_OBJC_ROOT_CLASS = YES_ERROR;
				CLANG_WARN_RANGE_LOOP_ANALYSIS = YES;
				CLANG_WARN_STRICT_PROTOTYPES = YES;
				CLANG_WARN_SUSPICIOUS_MOVE = YES;
				CLANG_WARN_UNGUARDED_AVAILABILITY = YES_AGGRESSIVE;
				CLANG_WARN_UNREACHABLE_CODE = YES;
				CLANG_WARN__DUPLICATE_METHOD_MATCH = YES;
				CODE_SIGN_IDENTITY = "iPhone Developer";
				COPY_PHASE_STRIP = NO;
				DEBUG_INFORMATION_FORMAT = "dwarf-with-dsym";
				ENABLE_NS_ASSERTIONS = NO;
				ENABLE_STRICT_OBJC_MSGSEND = YES;
				GCC_C_LANGUAGE_STANDARD = gnu11;
				GCC_NO_COMMON_BLOCKS = YES;
				GCC_WARN_64_TO_32_BIT_CONVERSION = YES;
				GCC_WARN_ABOUT_RETURN_TYPE = YES_ERROR;
				GCC_WARN_UNDECLARED_SELECTOR = YES;
				GCC_WARN_UNINITIALIZED_AUTOS = YES_AGGRESSIVE;
				GCC_WARN_UNUSED_FUNCTION = YES;
				GCC_WARN_UNUSED_VARIABLE = YES;
				IPHONEOS_DEPLOYMENT_TARGET = 12.1;
				MTL_ENABLE_DEBUG_INFO = NO;
				MTL_FAST_MATH = YES;
				SDKROOT = iphoneos;
				SWIFT_COMPILATION_MODE = wholemodule;
				SWIFT_OPTIMIZATION_LEVEL = "-O";
				VALIDATE_PRODUCT = YES;
			};
			name = Release;
		};
		0E71325321DF5652003CFA3D /* Debug */ = {
			isa = XCBuildConfiguration;
			buildSettings = {
				ASSETCATALOG_COMPILER_APPICON_NAME = AppIcon;
				CODE_SIGN_STYLE = Automatic;
				DEVELOPMENT_TEAM = 8BQHKQSA4Y;
				INFOPLIST_FILE = UserDefaults_Save_Data/Info.plist;
				LD_RUNPATH_SEARCH_PATHS = (
					"$(inherited)",
					"@executable_path/Frameworks",
				);
				PRODUCT_BUNDLE_IDENTIFIER = dev.east0.UserDefaultsTest;
				PRODUCT_NAME = "$(TARGET_NAME)";
				SWIFT_VERSION = 4.2;
				TARGETED_DEVICE_FAMILY = "1,2";
			};
			name = Debug;
		};
		0E71325421DF5652003CFA3D /* Release */ = {
			isa = XCBuildConfiguration;
			buildSettings = {
				ASSETCATALOG_COMPILER_APPICON_NAME = AppIcon;
				CODE_SIGN_STYLE = Automatic;
				DEVELOPMENT_TEAM = 8BQHKQSA4Y;
				INFOPLIST_FILE = UserDefaults_Save_Data/Info.plist;
				LD_RUNPATH_SEARCH_PATHS = (
					"$(inherited)",
					"@executable_path/Frameworks",
				);
				PRODUCT_BUNDLE_IDENTIFIER = dev.east0.UserDefaultsTest;
				PRODUCT_NAME = "$(TARGET_NAME)";
				SWIFT_VERSION = 4.2;
				TARGETED_DEVICE_FAMILY = "1,2";
			};
			name = Release;
		};
/* End XCBuildConfiguration section */

/* Begin XCConfigurationList section */
		0E71323B21DF5651003CFA3D /* Build configuration list for PBXProject "UserDefaults_Save_Data" */ = {
			isa = XCConfigurationList;
			buildConfigurations = (
				0E71325021DF5652003CFA3D /* Debug */,
				0E71325121DF5652003CFA3D /* Release */,
			);
			defaultConfigurationIsVisible = 0;
			defaultConfigurationName = Release;
		};
		0E71325221DF5652003CFA3D /* Build configuration list for PBXNativeTarget "UserDefaults_Save_Data" */ = {
			isa = XCConfigurationList;
			buildConfigurations = (
				0E71325321DF5652003CFA3D /* Debug */,
				0E71325421DF5652003CFA3D /* Release */,
			);
			defaultConfigurationIsVisible = 0;
			defaultConfigurationName = Release;
		};
/* End XCConfigurationList section */
	};
	rootObject = 0E71323821DF5651003CFA3D /* Project object */;
}
